// !$*UTF8*$!
{
	archiveVersion = 1;
	classes = {
	};
	objectVersion = 46;
	objects = {

/* Begin PBXBuildFile section */
		BE41B3C61C8C094500D386C3 /* main.m in Sources */ = {isa = PBXBuildFile; fileRef = BE41B3C51C8C094500D386C3 /* main.m */; };
		BE41B3C91C8C094500D386C3 /* AppDelegate.m in Sources */ = {isa = PBXBuildFile; fileRef = BE41B3C81C8C094500D386C3 /* AppDelegate.m */; };
		BE41B3CC1C8C094500D386C3 /* ViewController.m in Sources */ = {isa = PBXBuildFile; fileRef = BE41B3CB1C8C094500D386C3 /* ViewController.m */; };
		BE41B3CF1C8C094500D386C3 /* Main.storyboard in Resources */ = {isa = PBXBuildFile; fileRef = BE41B3CD1C8C094500D386C3 /* Main.storyboard */; };
		BE41B3D11C8C094500D386C3 /* Assets.xcassets in Resources */ = {isa = PBXBuildFile; fileRef = BE41B3D01C8C094500D386C3 /* Assets.xcassets */; };
		BE41B3D41C8C094500D386C3 /* LaunchScreen.storyboard in Resources */ = {isa = PBXBuildFile; fileRef = BE41B3D21C8C094500D386C3 /* LaunchScreen.storyboard */; };
		BE41B3DD1C8C22A100D386C3 /* WMCollectionViewFlowLayout.m in Sources */ = {isa = PBXBuildFile; fileRef = BE41B3DC1C8C22A100D386C3 /* WMCollectionViewFlowLayout.m */; };
/* End PBXBuildFile section */

/* Begin PBXFileReference section */
		BE41B3C11C8C094500D386C3 /* 集合视图.app */ = {isa = PBXFileReference; explicitFileType = wrapper.application; includeInIndex = 0; path = "集合视图.app"; sourceTree = BUILT_PRODUCTS_DIR; };
		BE41B3C51C8C094500D386C3 /* main.m */ = {isa = PBXFileReference; lastKnownFileType = sourcecode.c.objc; path = main.m; sourceTree = "<group>"; };
		BE41B3C71C8C094500D386C3 /* AppDelegate.h */ = {isa = PBXFileReference; lastKnownFileType = sourcecode.c.h; path = AppDelegate.h; sourceTree = "<group>"; };
		BE41B3C81C8C094500D386C3 /* AppDelegate.m */ = {isa = PBXFileReference; lastKnownFileType = sourcecode.c.objc; path = AppDelegate.m; sourceTree = "<group>"; };
		BE41B3CA1C8C094500D386C3 /* ViewController.h */ = {isa = PBXFileReference; lastKnownFileType = sourcecode.c.h; path = ViewController.h; sourceTree = "<group>"; };
		BE41B3CB1C8C094500D386C3 /* ViewController.m */ = {isa = PBXFileReference; lastKnownFileType = sourcecode.c.objc; path = ViewController.m; sourceTree = "<group>"; };
		BE41B3CE1C8C094500D386C3 /* Base */ = {isa = PBXFileReference; lastKnownFileType = file.storyboard; name = Base; path = Base.lproj/Main.storyboard; sourceTree = "<group>"; };
		BE41B3D01C8C094500D386C3 /* Assets.xcassets */ = {isa = PBXFileReference; lastKnownFileType = folder.assetcatalog; path = Assets.xcassets; sourceTree = "<group>"; };
		BE41B3D31C8C094500D386C3 /* Base */ = {isa = PBXFileReference; lastKnownFileType = file.storyboard; name = Base; path = Base.lproj/LaunchScreen.storyboard; sourceTree = "<group>"; };
		BE41B3D51C8C094500D386C3 /* Info.plist */ = {isa = PBXFileReference; lastKnownFileType = text.plist.xml; path = Info.plist; sourceTree = "<group>"; };
		BE41B3DB1C8C22A100D386C3 /* WMCollectionViewFlowLayout.h */ = {isa = PBXFileReference; fileEncoding = 4; lastKnownFileType = sourcecode.c.h; path = WMCollectionViewFlowLayout.h; sourceTree = "<group>"; };
		BE41B3DC1C8C22A100D386C3 /* WMCollectionViewFlowLayout.m */ = {isa = PBXFileReference; fileEncoding = 4; lastKnownFileType = sourcecode.c.objc; path = WMCollectionViewFlowLayout.m; sourceTree = "<group>"; };
/* End PBXFileReference section */

/* Begin PBXFrameworksBuildPhase section */
		BE41B3BE1C8C094500D386C3 /* Frameworks */ = {
			isa = PBXFrameworksBuildPhase;
			buildActionMask = 2147483647;
			files = (
			);
			runOnlyForDeploymentPostprocessing = 0;
		};
/* End PBXFrameworksBuildPhase section */

/* Begin PBXGroup section */
		BE41B3B81C8C094400D386C3 = {
			isa = PBXGroup;
			children = (
				BE41B3C31C8C094500D386C3 /* 集合视图 */,
				BE41B3C21C8C094500D386C3 /* Products */,
			);
			sourceTree = "<group>";
		};
		BE41B3C21C8C094500D386C3 /* Products */ = {
			isa = PBXGroup;
			children = (
				BE41B3C11C8C094500D386C3 /* 集合视图.app */,
			);
			name = Products;
			sourceTree = "<group>";
		};
		BE41B3C31C8C094500D386C3 /* 集合视图 */ = {
			isa = PBXGroup;
			children = (
				BE41B3DB1C8C22A100D386C3 /* WMCollectionViewFlowLayout.h */,
				BE41B3DC1C8C22A100D386C3 /* WMCollectionViewFlowLayout.m */,
				BE41B3C71C8C094500D386C3 /* AppDelegate.h */,
				BE41B3C81C8C094500D386C3 /* AppDelegate.m */,
				BE41B3CA1C8C094500D386C3 /* ViewController.h */,
				BE41B3CB1C8C094500D386C3 /* ViewController.m */,
				BE41B3CD1C8C094500D386C3 /* Main.storyboard */,
				BE41B3D01C8C094500D386C3 /* Assets.xcassets */,
				BE41B3D21C8C094500D386C3 /* LaunchScreen.storyboard */,
				BE41B3D51C8C094500D386C3 /* Info.plist */,
				BE41B3C41C8C094500D386C3 /* Supporting Files */,
			);
			path = "集合视图";
			sourceTree = "<group>";
		};
		BE41B3C41C8C094500D386C3 /* Supporting Files */ = {
			isa = PBXGroup;
			children = (
				BE41B3C51C8C094500D386C3 /* main.m */,
			);
			name = "Supporting Files";
			sourceTree = "<group>";
		};
/* End PBXGroup section */

/* Begin PBXNativeTarget section */
		BE41B3C01C8C094500D386C3 /* 集合视图 */ = {
			isa = PBXNativeTarget;
			buildConfigurationList = BE41B3D81C8C094500D386C3 /* Build configuration list for PBXNativeTarget "集合视图" */;
			buildPhases = (
				BE41B3BD1C8C094500D386C3 /* Sources */,
				BE41B3BE1C8C094500D386C3 /* Frameworks */,
				BE41B3BF1C8C094500D386C3 /* Resources */,
			);
			buildRules = (
			);
			dependencies = (
			);
			name = "集合视图";
			productName = "集合视图";
			productReference = BE41B3C11C8C094500D386C3 /* 集合视图.app */;
			productType = "com.apple.product-type.application";
		};
/* End PBXNativeTarget section */

/* Begin PBXProject section */
		BE41B3B91C8C094400D386C3 /* Project object */ = {
			isa = PBXProject;
			attributes = {
				LastUpgradeCheck = 0720;
				ORGANIZATIONNAME = wan;
				TargetAttributes = {
					BE41B3C01C8C094500D386C3 = {
						CreatedOnToolsVersion = 7.2;
						DevelopmentTeam = 8BFC43UC2M;
					};
				};
			};
			buildConfigurationList = BE41B3BC1C8C094400D386C3 /* Build configuration list for PBXProject "集合视图" */;
			compatibilityVersion = "Xcode 3.2";
			developmentRegion = English;
			hasScannedForEncodings = 0;
			knownRegions = (
				en,
				Base,
			);
			mainGroup = BE41B3B81C8C094400D386C3;
			productRefGroup = BE41B3C21C8C094500D386C3 /* Products */;
			projectDirPath = "";
			projectRoot = "";
			targets = (
				BE41B3C01C8C094500D386C3 /* 集合视图 */,
			);
		};
/* End PBXProject section */

/* Begin PBXResourcesBuildPhase section */
		BE41B3BF1C8C094500D386C3 /* Resources */ = {
			isa = PBXResourcesBuildPhase;
			buildActionMask = 2147483647;
			files = (
				BE41B3D41C8C094500D386C3 /* LaunchScreen.storyboard in Resources */,
				BE41B3D11C8C094500D386C3 /* Assets.xcassets in Resources */,
				BE41B3CF1C8C094500D386C3 /* Main.storyboard in Resources */,
			);
			runOnlyForDeploymentPostprocessing = 0;
		};
/* End PBXResourcesBuildPhase section */

/* Begin PBXSourcesBuildPhase section */
		BE41B3BD1C8C094500D386C3 /* Sources */ = {
			isa = PBXSourcesBuildPhase;
			buildActionMask = 2147483647;
			files = (
				BE41B3DD1C8C22A100D386C3 /* WMCollectionViewFlowLayout.m in Sources */,
				BE41B3CC1C8C094500D386C3 /* ViewController.m in Sources */,
				BE41B3C91C8C094500D386C3 /* AppDelegate.m in Sources */,
				BE41B3C61C8C094500D386C3 /* main.m in Sources */,
			);
			runOnlyForDeploymentPostprocessing = 0;
		};
/* End PBXSourcesBuildPhase section */

/* Begin PBXVariantGroup section */
		BE41B3CD1C8C094500D386C3 /* Main.storyboard */ = {
			isa = PBXVariantGroup;
			children = (
				BE41B3CE1C8C094500D386C3 /* Base */,
			);
			name = Main.storyboard;
			sourceTree = "<group>";
		};
		BE41B3D21C8C094500D386C3 /* LaunchScreen.storyboard */ = {
			isa = PBXVariantGroup;
			children = (
				BE41B3D31C8C094500D386C3 /* Base */,
			);
			name = LaunchScreen.storyboard;
			sourceTree = "<group>";
		};
/* End PBXVariantGroup section */

/* Begin XCBuildConfiguration section */
		BE41B3D61C8C094500D386C3 /* Debug */ = {
			isa = XCBuildConfiguration;
			buildSettings = {
				ALWAYS_SEARCH_USER_PATHS = NO;
				CLANG_CXX_LANGUAGE_STANDARD = "gnu++0x";
				CLANG_CXX_LIBRARY = "libc++";
				CLANG_ENABLE_MODULES = YES;
				CLANG_ENABLE_OBJC_ARC = YES;
				CLANG_WARN_BOOL_CONVERSION = YES;
				CLANG_WARN_CONSTANT_CONVERSION = YES;
				CLANG_WARN_DIRECT_OBJC_ISA_USAGE = YES_ERROR;
				CLANG_WARN_EMPTY_BODY = YES;
				CLANG_WARN_ENUM_CONVERSION = YES;
				CLANG_WARN_INT_CONVERSION = YES;
				CLANG_WARN_OBJC_ROOT_CLASS = YES_ERROR;
				CLANG_WARN_UNREACHABLE_CODE = YES;
				CLANG_WARN__DUPLICATE_METHOD_MATCH = YES;
				"CODE_SIGN_IDENTITY[sdk=iphoneos*]" = "iPhone Developer";
				COPY_PHASE_STRIP = NO;
				DEBUG_INFORMATION_FORMAT = dwarf;
				ENABLE_STRICT_OBJC_MSGSEND = YES;
				ENABLE_TESTABILITY = YES;
				GCC_C_LANGUAGE_STANDARD = gnu99;
				GCC_DYNAMIC_NO_PIC = NO;
				GCC_NO_COMMON_BLOCKS = YES;
				GCC_OPTIMIZATION_LEVEL = 0;
				GCC_PREPROCESSOR_DEFINITIONS = (
					"DEBUG=1",
					"$(inherited)",
				);
				GCC_WARN_64_TO_32_BIT_CONVERSION = YES;
				GCC_WARN_ABOUT_RETURN_TYPE = YES_ERROR;
				GCC_WARN_UNDECLARED_SELECTOR = YES;
				GCC_WARN_UNINITIALIZED_AUTOS = YES_AGGRESSIVE;
				GCC_WARN_UNUSED_FUNCTION = YES;
				GCC_WARN_UNUSED_VARIABLE = YES;
				IPHONEOS_DEPLOYMENT_TARGET = 9.2;
				MTL_ENABLE_DEBUG_INFO = YES;
				ONLY_ACTIVE_ARCH = YES;
				SDKROOT = iphoneos;
			};
			name = Debug;
		};
		BE41B3D71C8C094500D386C3 /* Release */ = {
			isa = XCBuildConfiguration;
			buildSettings = {
				ALWAYS_SEARCH_USER_PATHS = NO;
				CLANG_CXX_LANGUAGE_STANDARD = "gnu++0x";
				CLANG_CXX_LIBRARY = "libc++";
				CLANG_ENABLE_MODULES = YES;
				CLANG_ENABLE_OBJC_ARC = YES;
				CLANG_WARN_BOOL_CONVERSION = YES;
				CLANG_WARN_CONSTANT_CONVERSION = YES;
				CLANG_WARN_DIRECT_OBJC_ISA_USAGE = YES_ERROR;
				CLANG_WARN_EMPTY_BODY = YES;
				CLANG_WARN_ENUM_CONVERSION = YES;
				CLANG_WARN_INT_CONVERSION = YES;
				CLANG_WARN_OBJC_ROOT_CLASS = YES_ERROR;
				CLANG_WARN_UNREACHABLE_CODE = YES;
				CLANG_WARN__DUPLICATE_METHOD_MATCH = YES;
				"CODE_SIGN_IDENTITY[sdk=iphoneos*]" = "iPhone Developer";
				COPY_PHASE_STRIP = NO;
				DEBUG_INFORMATION_FORMAT = "dwarf-with-dsym";
				ENABLE_NS_ASSERTIONS = NO;
				ENABLE_STRICT_OBJC_MSGSEND = YES;
				GCC_C_LANGUAGE_STANDARD = gnu99;
				GCC_NO_COMMON_BLOCKS = YES;
				GCC_WARN_64_TO_32_BIT_CONVERSION = YES;
				GCC_WARN_ABOUT_RETURN_TYPE = YES_ERROR;
				GCC_WARN_UNDECLARED_SELECTOR = YES;
				GCC_WARN_UNINITIALIZED_AUTOS = YES_AGGRESSIVE;
				GCC_WARN_UNUSED_FUNCTION = YES;
				GCC_WARN_UNUSED_VARIABLE = YES;
				IPHONEOS_DEPLOYMENT_TARGET = 9.2;
				MTL_ENABLE_DEBUG_INFO = NO;
				SDKROOT = iphoneos;
				VALIDATE_PRODUCT = YES;
			};
			name = Release;
		};
		BE41B3D91C8C094500D386C3 /* Debug */ = {
			isa = XCBuildConfiguration;
			buildSettings = {
				ASSETCATALOG_COMPILER_APPICON_NAME = AppIcon;
				INFOPLIST_FILE = "集合视图/Info.plist";
				LD_RUNPATH_SEARCH_PATHS = "$(inherited) @executable_path/Frameworks";
				PRODUCT_BUNDLE_IDENTIFIER = "com.yihaojf.www.----";
				PRODUCT_NAME = "$(TARGET_NAME)";
			};
			name = Debug;
		};
		BE41B3DA1C8C094500D386C3 /* Release */ = {
			isa = XCBuildConfiguration;
			buildSettings = {
				ASSETCATALOG_COMPILER_APPICON_NAME = AppIcon;
				INFOPLIST_FILE = "集合视图/Info.plist";
				LD_RUNPATH_SEARCH_PATHS = "$(inherited) @executable_path/Frameworks";
				PRODUCT_BUNDLE_IDENTIFIER = "com.yihaojf.www.----";
				PRODUCT_NAME = "$(TARGET_NAME)";
			};
			name = Release;
		};
/* End XCBuildConfiguration section */

/* Begin XCConfigurationList section */
		BE41B3BC1C8C094400D386C3 /* Build configuration list for PBXProject "集合视图" */ = {
			isa = XCConfigurationList;
			buildConfigurations = (
				BE41B3D61C8C094500D386C3 /* Debug */,
				BE41B3D71C8C094500D386C3 /* Release */,
			);
			defaultConfigurationIsVisible = 0;
			defaultConfigurationName = Release;
		};
		BE41B3D81C8C094500D386C3 /* Build configuration list for PBXNativeTarget "集合视图" */ = {
			isa = XCConfigurationList;
			buildConfigurations = (
				BE41B3D91C8C094500D386C3 /* Debug */,
				BE41B3DA1C8C094500D386C3 /* Release */,
			);
			defaultConfigurationIsVisible = 0;
		};
/* End XCConfigurationList section */
	};
	rootObject = BE41B3B91C8C094400D386C3 /* Project object */;
}
